
Microsoft Visual Studio Solution File, Format Version 12.00
# Visual Studio Version 16
VisualStudioVersion = 16.0.30503.244
MinimumVisualStudioVersion = 10.0.40219.1
Project("{FAE04EC0-301F-11D3-BF4B-00C04F79EFBC}") = "HomeTasks", "HomeTasks\HomeTasks.csproj", "{D3786944-FF46-4C63-8197-0C37DD5CFDB6}"
EndProject
Global
	GlobalSection(SolutionConfigurationPlatforms) = preSolution
		Debug|Any CPU = Debug|Any CPU
		Release|Any CPU = Release|Any CPU
	EndGlobalSection
	GlobalSection(ProjectConfigurationPlatforms) = postSolution
		{D3786944-FF46-4C63-8197-0C37DD5CFDB6}.Debug|Any CPU.ActiveCfg = Debug|Any CPU
		{D3786944-FF46-4C63-8197-0C37DD5CFDB6}.Debug|Any CPU.Build.0 = Debug|Any CPU
		{D3786944-FF46-4C63-8197-0C37DD5CFDB6}.Release|Any CPU.ActiveCfg = Release|Any CPU
		{D3786944-FF46-4C63-8197-0C37DD5CFDB6}.Release|Any CPU.Build.0 = Release|Any CPU
	EndGlobalSection
	GlobalSection(SolutionProperties) = preSolution
		HideSolutionNode = FALSE
	EndGlobalSection
	GlobalSection(ExtensibilityGlobals) = postSolution
		SolutionGuid = {8B8869BE-E619-4BC7-A194-9B311FCF3492}
	EndGlobalSection
EndGlobal
