
Microsoft Visual Studio Solution File, Format Version 12.00
# Visual Studio Version 16
VisualStudioVersion = 16.0.30711.63
MinimumVisualStudioVersion = 10.0.40219.1
Project("{9A19103F-16F7-4668-BE54-9A1E7A4F7556}") = "Conditions", "Conditions.csproj", "{CE09BF03-9CC9-4F47-865E-01E3AF046B25}"
EndProject
Global
	GlobalSection(SolutionConfigurationPlatforms) = preSolution
		Debug|Any CPU = Debug|Any CPU
		Release|Any CPU = Release|Any CPU
	EndGlobalSection
	GlobalSection(ProjectConfigurationPlatforms) = postSolution
		{CE09BF03-9CC9-4F47-865E-01E3AF046B25}.Debug|Any CPU.ActiveCfg = Debug|Any CPU
		{CE09BF03-9CC9-4F47-865E-01E3AF046B25}.Debug|Any CPU.Build.0 = Debug|Any CPU
		{CE09BF03-9CC9-4F47-865E-01E3AF046B25}.Release|Any CPU.ActiveCfg = Release|Any CPU
		{CE09BF03-9CC9-4F47-865E-01E3AF046B25}.Release|Any CPU.Build.0 = Release|Any CPU
	EndGlobalSection
	GlobalSection(SolutionProperties) = preSolution
		HideSolutionNode = FALSE
	EndGlobalSection
	GlobalSection(ExtensibilityGlobals) = postSolution
		SolutionGuid = {729ED5E7-0E5F-4E02-B4A4-A140012A9398}
	EndGlobalSection
EndGlobal
